
Microsoft Visual Studio Solution File, Format Version 12.00
# Visual Studio 14
VisualStudioVersion = 14.0.25420.1
MinimumVisualStudioVersion = 10.0.40219.1
Project("{FAE04EC0-301F-11D3-BF4B-00C04F79EFBC}") = "Pattern1", "Pattern1\Pattern1.csproj", "{4357E050-250A-4225-8CCB-322F739C4E84}"
EndProject
Project("{FAE04EC0-301F-11D3-BF4B-00C04F79EFBC}") = "Pattern2", "Pattern2\Pattern2.csproj", "{19932258-5799-47FF-A680-6A931D34E3CA}"
EndProject
Project("{FAE04EC0-301F-11D3-BF4B-00C04F79EFBC}") = "Pattern3", "Pattern3\Pattern3.csproj", "{D1DDF010-93E0-478C-A901-86308C3BA896}"
EndProject
Project("{FAE04EC0-301F-11D3-BF4B-00C04F79EFBC}") = "Pattern4", "Pattern4\Pattern4.csproj", "{2C7B21AE-5324-4155-8C63-130632176168}"
EndProject
Project("{FAE04EC0-301F-11D3-BF4B-00C04F79EFBC}") = "Pattern5", "Pattern5\Pattern5.csproj", "{F1CC72AC-5E3B-4690-9A33-9D4ED31489F9}"
EndProject
Project("{FAE04EC0-301F-11D3-BF4B-00C04F79EFBC}") = "Pattern6", "Pattern6\Pattern6.csproj", "{23FB81F1-9A3A-49D0-8577-AD1F19A479B3}"
EndProject
Project("{FAE04EC0-301F-11D3-BF4B-00C04F79EFBC}") = "Pattern8", "Pattern8\Pattern8.csproj", "{4612C1E5-FF3B-41B3-80D2-FF5DB9DFB19B}"
EndProject
Project("{FAE04EC0-301F-11D3-BF4B-00C04F79EFBC}") = "Pattern9", "Pattern9\Pattern9.csproj", "{AABDC866-4BBE-4CF2-AF91-310B10B81766}"
EndProject
Global
	GlobalSection(SolutionConfigurationPlatforms) = preSolution
		Debug|Any CPU = Debug|Any CPU
		Release|Any CPU = Release|Any CPU
	EndGlobalSection
	GlobalSection(ProjectConfigurationPlatforms) = postSolution
		{4357E050-250A-4225-8CCB-322F739C4E84}.Debug|Any CPU.ActiveCfg = Debug|Any CPU
		{4357E050-250A-4225-8CCB-322F739C4E84}.Debug|Any CPU.Build.0 = Debug|Any CPU
		{4357E050-250A-4225-8CCB-322F739C4E84}.Release|Any CPU.ActiveCfg = Release|Any CPU
		{4357E050-250A-4225-8CCB-322F739C4E84}.Release|Any CPU.Build.0 = Release|Any CPU
		{19932258-5799-47FF-A680-6A931D34E3CA}.Debug|Any CPU.ActiveCfg = Debug|Any CPU
		{19932258-5799-47FF-A680-6A931D34E3CA}.Debug|Any CPU.Build.0 = Debug|Any CPU
		{19932258-5799-47FF-A680-6A931D34E3CA}.Release|Any CPU.ActiveCfg = Release|Any CPU
		{19932258-5799-47FF-A680-6A931D34E3CA}.Release|Any CPU.Build.0 = Release|Any CPU
		{D1DDF010-93E0-478C-A901-86308C3BA896}.Debug|Any CPU.ActiveCfg = Debug|Any CPU
		{D1DDF010-93E0-478C-A901-86308C3BA896}.Debug|Any CPU.Build.0 = Debug|Any CPU
		{D1DDF010-93E0-478C-A901-86308C3BA896}.Release|Any CPU.ActiveCfg = Release|Any CPU
		{D1DDF010-93E0-478C-A901-86308C3BA896}.Release|Any CPU.Build.0 = Release|Any CPU
		{2C7B21AE-5324-4155-8C63-130632176168}.Debug|Any CPU.ActiveCfg = Debug|Any CPU
		{2C7B21AE-5324-4155-8C63-130632176168}.Debug|Any CPU.Build.0 = Debug|Any CPU
		{2C7B21AE-5324-4155-8C63-130632176168}.Release|Any CPU.ActiveCfg = Release|Any CPU
		{2C7B21AE-5324-4155-8C63-130632176168}.Release|Any CPU.Build.0 = Release|Any CPU
		{F1CC72AC-5E3B-4690-9A33-9D4ED31489F9}.Debug|Any CPU.ActiveCfg = Debug|Any CPU
		{F1CC72AC-5E3B-4690-9A33-9D4ED31489F9}.Debug|Any CPU.Build.0 = Debug|Any CPU
		{F1CC72AC-5E3B-4690-9A33-9D4ED31489F9}.Release|Any CPU.ActiveCfg = Release|Any CPU
		{F1CC72AC-5E3B-4690-9A33-9D4ED31489F9}.Release|Any CPU.Build.0 = Release|Any CPU
		{23FB81F1-9A3A-49D0-8577-AD1F19A479B3}.Debug|Any CPU.ActiveCfg = Debug|Any CPU
		{23FB81F1-9A3A-49D0-8577-AD1F19A479B3}.Debug|Any CPU.Build.0 = Debug|Any CPU
		{23FB81F1-9A3A-49D0-8577-AD1F19A479B3}.Release|Any CPU.ActiveCfg = Release|Any CPU
		{23FB81F1-9A3A-49D0-8577-AD1F19A479B3}.Release|Any CPU.Build.0 = Release|Any CPU
		{4612C1E5-FF3B-41B3-80D2-FF5DB9DFB19B}.Debug|Any CPU.ActiveCfg = Debug|Any CPU
		{4612C1E5-FF3B-41B3-80D2-FF5DB9DFB19B}.Debug|Any CPU.Build.0 = Debug|Any CPU
		{4612C1E5-FF3B-41B3-80D2-FF5DB9DFB19B}.Release|Any CPU.ActiveCfg = Release|Any CPU
		{4612C1E5-FF3B-41B3-80D2-FF5DB9DFB19B}.Release|Any CPU.Build.0 = Release|Any CPU
		{AABDC866-4BBE-4CF2-AF91-310B10B81766}.Debug|Any CPU.ActiveCfg = Debug|Any CPU
		{AABDC866-4BBE-4CF2-AF91-310B10B81766}.Debug|Any CPU.Build.0 = Debug|Any CPU
		{AABDC866-4BBE-4CF2-AF91-310B10B81766}.Release|Any CPU.ActiveCfg = Release|Any CPU
		{AABDC866-4BBE-4CF2-AF91-310B10B81766}.Release|Any CPU.Build.0 = Release|Any CPU
	EndGlobalSection
	GlobalSection(SolutionProperties) = preSolution
		HideSolutionNode = FALSE
	EndGlobalSection
EndGlobal
